PODS:
  - ABWatchSessionManager (0.1.0)

DEPENDENCIES:
  - ABWatchSessionManager (from `../`)

EXTERNAL SOURCES:
  ABWatchSessionManager:
    :path: "../"

SPEC CHECKSUMS:
  ABWatchSessionManager: 8492962f0d7975ed03c601c557591e0f3aa1bc26

PODFILE CHECKSUM: c5c8c17a876dbdd2e8c5f7f11bff80fdd6573985

COCOAPODS: 1.9.1
