PODS:
  - ABWatchSessionManager (0.5.0)

DEPENDENCIES:
  - ABWatchSessionManager (from `../`)

EXTERNAL SOURCES:
  ABWatchSessionManager:
    :path: "../"

SPEC CHECKSUMS:
  ABWatchSessionManager: 8bdc605d02101e3d4d604c8a8678f568654484b6

PODFILE CHECKSUM: 4aa162d8362546e0e6a27b844d06b33665cc8344

COCOAPODS: 1.9.1
